
Microsoft Visual Studio Solution File, Format Version 12.00
# Visual Studio Version 17
VisualStudioVersion = 17.9.34622.214
MinimumVisualStudioVersion = 10.0.40219.1
Project("{FAE04EC0-301F-11D3-BF4B-00C04F79EFBC}") = "17-Interfaces", "17-Interfaces.csproj", "{F4285B7D-3528-47A1-A53D-002732EE9CC0}"
EndProject
Global
	GlobalSection(SolutionConfigurationPlatforms) = preSolution
		Debug|Any CPU = Debug|Any CPU
		Release|Any CPU = Release|Any CPU
	EndGlobalSection
	GlobalSection(ProjectConfigurationPlatforms) = postSolution
		{F4285B7D-3528-47A1-A53D-002732EE9CC0}.Debug|Any CPU.ActiveCfg = Debug|Any CPU
		{F4285B7D-3528-47A1-A53D-002732EE9CC0}.Debug|Any CPU.Build.0 = Debug|Any CPU
		{F4285B7D-3528-47A1-A53D-002732EE9CC0}.Release|Any CPU.ActiveCfg = Release|Any CPU
		{F4285B7D-3528-47A1-A53D-002732EE9CC0}.Release|Any CPU.Build.0 = Release|Any CPU
	EndGlobalSection
	GlobalSection(SolutionProperties) = preSolution
		HideSolutionNode = FALSE
	EndGlobalSection
	GlobalSection(ExtensibilityGlobals) = postSolution
		SolutionGuid = {7EAD5C0B-973C-4604-93B6-7707366164C8}
	EndGlobalSection
EndGlobal
