
Microsoft Visual Studio Solution File, Format Version 12.00
# Visual Studio Version 17
VisualStudioVersion = 17.9.34622.214
MinimumVisualStudioVersion = 10.0.40219.1
Project("{FAE04EC0-301F-11D3-BF4B-00C04F79EFBC}") = "15-Null", "15-Null.csproj", "{800770D2-7962-4A00-AB6A-756CBE224A67}"
EndProject
Global
	GlobalSection(SolutionConfigurationPlatforms) = preSolution
		Debug|Any CPU = Debug|Any CPU
		Release|Any CPU = Release|Any CPU
	EndGlobalSection
	GlobalSection(ProjectConfigurationPlatforms) = postSolution
		{800770D2-7962-4A00-AB6A-756CBE224A67}.Debug|Any CPU.ActiveCfg = Debug|Any CPU
		{800770D2-7962-4A00-AB6A-756CBE224A67}.Debug|Any CPU.Build.0 = Debug|Any CPU
		{800770D2-7962-4A00-AB6A-756CBE224A67}.Release|Any CPU.ActiveCfg = Release|Any CPU
		{800770D2-7962-4A00-AB6A-756CBE224A67}.Release|Any CPU.Build.0 = Release|Any CPU
	EndGlobalSection
	GlobalSection(SolutionProperties) = preSolution
		HideSolutionNode = FALSE
	EndGlobalSection
	GlobalSection(ExtensibilityGlobals) = postSolution
		SolutionGuid = {B1E5B0F3-523F-46B8-8715-7594E5942851}
	EndGlobalSection
EndGlobal
