
Microsoft Visual Studio Solution File, Format Version 12.00
# Visual Studio Version 17
VisualStudioVersion = 17.9.34622.214
MinimumVisualStudioVersion = 10.0.40219.1
Project("{FAE04EC0-301F-11D3-BF4B-00C04F79EFBC}") = "02-Clases", "02-Clases.csproj", "{2185579C-D6C6-42A0-AB2B-A9B218A5C08B}"
EndProject
Global
	GlobalSection(SolutionConfigurationPlatforms) = preSolution
		Debug|Any CPU = Debug|Any CPU
		Release|Any CPU = Release|Any CPU
	EndGlobalSection
	GlobalSection(ProjectConfigurationPlatforms) = postSolution
		{2185579C-D6C6-42A0-AB2B-A9B218A5C08B}.Debug|Any CPU.ActiveCfg = Debug|Any CPU
		{2185579C-D6C6-42A0-AB2B-A9B218A5C08B}.Debug|Any CPU.Build.0 = Debug|Any CPU
		{2185579C-D6C6-42A0-AB2B-A9B218A5C08B}.Release|Any CPU.ActiveCfg = Release|Any CPU
		{2185579C-D6C6-42A0-AB2B-A9B218A5C08B}.Release|Any CPU.Build.0 = Release|Any CPU
	EndGlobalSection
	GlobalSection(SolutionProperties) = preSolution
		HideSolutionNode = FALSE
	EndGlobalSection
	GlobalSection(ExtensibilityGlobals) = postSolution
		SolutionGuid = {5F817FD3-082F-47FA-A0F9-3B6DE79E5578}
	EndGlobalSection
EndGlobal
